# This file was autogenerated by Stack.
# You should not edit this file by hand.
# For more information, please see the documentation at:
#   https://docs.haskellstack.org/en/stable/lock_files

snapshots:
- original:
    url: https://raw.githubusercontent.com/commercialhaskell/stackage-snapshots/master/lts/18/0.yaml
  completed:
    sha256: c632012da648385b9fa3c29f4e0afd56ead299f1c5528ee789058be410e883c0
    url: https://raw.githubusercontent.com/commercialhaskell/stackage-snapshots/master/lts/18/0.yaml
    size: 585393
packages:
- original:
    hackage: emoji-0.1.0.2
  completed:
    pantry-tree:
      sha256: dd9ea90a631342e5db0fc21331ade4d563a685e9125d5a3989eefa8e1b96c6c6
      size: 437
    hackage: emoji-0.1.0.2@sha256:d995572a5c7dcd28f98eb15c6e387a7b3bda1ac2477ab0d9dba8580d5d7b161f,1273
- original:
    hackage: discord-haskell-1.8.8
  completed:
    pantry-tree:
      sha256: cbf772087fdc87d74d48514bf1996d9656002542be75bad306be5a028a937d7b
      size: 2107
    hackage: discord-haskell-1.8.8@sha256:647bf08777aebcc8d5eacdb729906b2b05f7832c3b767d87059ef13462ff8875,3562
- original:
    hackage: regex-compat-0.95.2.1
  completed:
    pantry-tree:
      sha256: ef1a838d356fb267a04adbf12ea2cf723fca75bad4bfdb59d33718362c18370f
      size: 262
    hackage: regex-compat-0.95.2.1@sha256:be75931c482beeb8ecaec0b9a282aa3701762dbec40bb92ff274998b41dc153b,1726
- original:
    hackage: process-1.6.9.0
  completed:
    pantry-tree:
      sha256: 9d21df864535dcc65e11fd108c4678fdadf2d53bb9ffd1fda142369c797f31c1
      size: 1211
    hackage: process-1.6.9.0@sha256:372de796fea9d40e6d02269d5df466c9b8d641f145fad3c1add59db7baeea19e,2576
- original:
    hackage: delay-0
  completed:
    pantry-tree:
      sha256: 14b6dfd690427d70a1e70f8695b3a712c19bea7ed60e6624a3df51123920b6bd
      size: 264
    hackage: delay-0@sha256:7fab2998bbf13bb09a2c0d9719e63417aa61b8a70706f2bc3de4478821485331,1466
